
Microsoft Visual Studio Solution File, Format Version 12.00
# Visual Studio Version 17
VisualStudioVersion = 17.0.32014.148
MinimumVisualStudioVersion = 10.0.40219.1
Project("{FAE04EC0-301F-11D3-BF4B-00C04F79EFBC}") = "PhoneSpecifications", "PhoneSpecifications\PhoneSpecifications.csproj", "{138904A7-419E-4531-BABB-CDAC073FA301}"
EndProject
Global
	GlobalSection(SolutionConfigurationPlatforms) = preSolution
		Debug|Any CPU = Debug|Any CPU
		Release|Any CPU = Release|Any CPU
	EndGlobalSection
	GlobalSection(ProjectConfigurationPlatforms) = postSolution
		{138904A7-419E-4531-BABB-CDAC073FA301}.Debug|Any CPU.ActiveCfg = Debug|Any CPU
		{138904A7-419E-4531-BABB-CDAC073FA301}.Debug|Any CPU.Build.0 = Debug|Any CPU
		{138904A7-419E-4531-BABB-CDAC073FA301}.Release|Any CPU.ActiveCfg = Release|Any CPU
		{138904A7-419E-4531-BABB-CDAC073FA301}.Release|Any CPU.Build.0 = Release|Any CPU
	EndGlobalSection
	GlobalSection(SolutionProperties) = preSolution
		HideSolutionNode = FALSE
	EndGlobalSection
	GlobalSection(ExtensibilityGlobals) = postSolution
		SolutionGuid = {13CF5723-EA28-4F0E-A0BB-95A6A2B24D3F}
	EndGlobalSection
EndGlobal
